
Microsoft Visual Studio Solution File, Format Version 12.00
# Visual Studio 14
VisualStudioVersion = 14.0.25123.0
MinimumVisualStudioVersion = 10.0.40219.1
Project("{FAE04EC0-301F-11D3-BF4B-00C04F79EFBC}") = "Authentication", "Authentication\Authentication.csproj", "{92301428-8A1F-4373-96F8-608FAC799EC0}"
EndProject
Project("{FAE04EC0-301F-11D3-BF4B-00C04F79EFBC}") = "ImsUI", "ImsUI\ImsUI.csproj", "{F8592548-32D9-405C-8CF7-4B87FD34064E}"
EndProject
Project("{2150E333-8FDC-42A3-9474-1A3956D46DE8}") = "Api", "Api", "{AD0B55DD-3D17-4661-A92E-18D251D10DAB}"
EndProject
Project("{FAE04EC0-301F-11D3-BF4B-00C04F79EFBC}") = "ImsApi.Controllers", "ImsApi.Controller\ImsApi.Controllers.csproj", "{3B32E434-D57B-4039-A3ED-DA13AF6D6C94}"
EndProject
Project("{FAE04EC0-301F-11D3-BF4B-00C04F79EFBC}") = "ImsApi.Common", "ImsApi.Common\ImsApi.Common.csproj", "{388A46D8-D872-471C-8BE1-5C973818D56A}"
EndProject
Project("{FAE04EC0-301F-11D3-BF4B-00C04F79EFBC}") = "ImsApi.Contracts", "ImsApi.Contracts\ImsApi.Contracts.csproj", "{FE64E684-B05D-4B6A-B87E-328640D7B1F4}"
EndProject
Project("{FAE04EC0-301F-11D3-BF4B-00C04F79EFBC}") = "ImsApi.Entities", "ImsApi.Entities\ImsApi.Entities.csproj", "{168A7EA4-DAB0-442D-B47A-B82BA2A43460}"
EndProject
Project("{FAE04EC0-301F-11D3-BF4B-00C04F79EFBC}") = "ImsApi.Services", "ImsApi.Services\ImsApi.Services.csproj", "{EB976483-800C-40A9-BF93-71820763521E}"
EndProject
Project("{2150E333-8FDC-42A3-9474-1A3956D46DE8}") = "BLL", "BLL", "{7CE5812C-7D3D-478B-8FF2-B4F84440743F}"
EndProject
Project("{FAE04EC0-301F-11D3-BF4B-00C04F79EFBC}") = "AuthBLL", "AuthBLL\AuthBLL.csproj", "{892FDA03-C50B-4297-A941-58C18F730D2D}"
EndProject
Project("{FAE04EC0-301F-11D3-BF4B-00C04F79EFBC}") = "Utill", "Utill\Utill.csproj", "{AAECFEEF-FEA0-4E88-9DCF-5933FE0352FE}"
EndProject
Global
	GlobalSection(SolutionConfigurationPlatforms) = preSolution
		Debug|Any CPU = Debug|Any CPU
		Release|Any CPU = Release|Any CPU
	EndGlobalSection
	GlobalSection(ProjectConfigurationPlatforms) = postSolution
		{92301428-8A1F-4373-96F8-608FAC799EC0}.Debug|Any CPU.ActiveCfg = Debug|Any CPU
		{92301428-8A1F-4373-96F8-608FAC799EC0}.Debug|Any CPU.Build.0 = Debug|Any CPU
		{92301428-8A1F-4373-96F8-608FAC799EC0}.Release|Any CPU.ActiveCfg = Release|Any CPU
		{92301428-8A1F-4373-96F8-608FAC799EC0}.Release|Any CPU.Build.0 = Release|Any CPU
		{F8592548-32D9-405C-8CF7-4B87FD34064E}.Debug|Any CPU.ActiveCfg = Debug|Any CPU
		{F8592548-32D9-405C-8CF7-4B87FD34064E}.Debug|Any CPU.Build.0 = Debug|Any CPU
		{F8592548-32D9-405C-8CF7-4B87FD34064E}.Release|Any CPU.ActiveCfg = Release|Any CPU
		{F8592548-32D9-405C-8CF7-4B87FD34064E}.Release|Any CPU.Build.0 = Release|Any CPU
		{3B32E434-D57B-4039-A3ED-DA13AF6D6C94}.Debug|Any CPU.ActiveCfg = Debug|Any CPU
		{3B32E434-D57B-4039-A3ED-DA13AF6D6C94}.Debug|Any CPU.Build.0 = Debug|Any CPU
		{3B32E434-D57B-4039-A3ED-DA13AF6D6C94}.Release|Any CPU.ActiveCfg = Release|Any CPU
		{3B32E434-D57B-4039-A3ED-DA13AF6D6C94}.Release|Any CPU.Build.0 = Release|Any CPU
		{388A46D8-D872-471C-8BE1-5C973818D56A}.Debug|Any CPU.ActiveCfg = Debug|Any CPU
		{388A46D8-D872-471C-8BE1-5C973818D56A}.Debug|Any CPU.Build.0 = Debug|Any CPU
		{388A46D8-D872-471C-8BE1-5C973818D56A}.Release|Any CPU.ActiveCfg = Release|Any CPU
		{388A46D8-D872-471C-8BE1-5C973818D56A}.Release|Any CPU.Build.0 = Release|Any CPU
		{FE64E684-B05D-4B6A-B87E-328640D7B1F4}.Debug|Any CPU.ActiveCfg = Debug|Any CPU
		{FE64E684-B05D-4B6A-B87E-328640D7B1F4}.Debug|Any CPU.Build.0 = Debug|Any CPU
		{FE64E684-B05D-4B6A-B87E-328640D7B1F4}.Release|Any CPU.ActiveCfg = Release|Any CPU
		{FE64E684-B05D-4B6A-B87E-328640D7B1F4}.Release|Any CPU.Build.0 = Release|Any CPU
		{168A7EA4-DAB0-442D-B47A-B82BA2A43460}.Debug|Any CPU.ActiveCfg = Debug|Any CPU
		{168A7EA4-DAB0-442D-B47A-B82BA2A43460}.Debug|Any CPU.Build.0 = Debug|Any CPU
		{168A7EA4-DAB0-442D-B47A-B82BA2A43460}.Release|Any CPU.ActiveCfg = Release|Any CPU
		{168A7EA4-DAB0-442D-B47A-B82BA2A43460}.Release|Any CPU.Build.0 = Release|Any CPU
		{EB976483-800C-40A9-BF93-71820763521E}.Debug|Any CPU.ActiveCfg = Debug|Any CPU
		{EB976483-800C-40A9-BF93-71820763521E}.Debug|Any CPU.Build.0 = Debug|Any CPU
		{EB976483-800C-40A9-BF93-71820763521E}.Release|Any CPU.ActiveCfg = Release|Any CPU
		{EB976483-800C-40A9-BF93-71820763521E}.Release|Any CPU.Build.0 = Release|Any CPU
		{892FDA03-C50B-4297-A941-58C18F730D2D}.Debug|Any CPU.ActiveCfg = Debug|Any CPU
		{892FDA03-C50B-4297-A941-58C18F730D2D}.Debug|Any CPU.Build.0 = Debug|Any CPU
		{892FDA03-C50B-4297-A941-58C18F730D2D}.Release|Any CPU.ActiveCfg = Release|Any CPU
		{892FDA03-C50B-4297-A941-58C18F730D2D}.Release|Any CPU.Build.0 = Release|Any CPU
		{AAECFEEF-FEA0-4E88-9DCF-5933FE0352FE}.Debug|Any CPU.ActiveCfg = Debug|Any CPU
		{AAECFEEF-FEA0-4E88-9DCF-5933FE0352FE}.Debug|Any CPU.Build.0 = Debug|Any CPU
		{AAECFEEF-FEA0-4E88-9DCF-5933FE0352FE}.Release|Any CPU.ActiveCfg = Release|Any CPU
		{AAECFEEF-FEA0-4E88-9DCF-5933FE0352FE}.Release|Any CPU.Build.0 = Release|Any CPU
	EndGlobalSection
	GlobalSection(SolutionProperties) = preSolution
		HideSolutionNode = FALSE
	EndGlobalSection
	GlobalSection(NestedProjects) = preSolution
		{3B32E434-D57B-4039-A3ED-DA13AF6D6C94} = {AD0B55DD-3D17-4661-A92E-18D251D10DAB}
		{388A46D8-D872-471C-8BE1-5C973818D56A} = {AD0B55DD-3D17-4661-A92E-18D251D10DAB}
		{FE64E684-B05D-4B6A-B87E-328640D7B1F4} = {AD0B55DD-3D17-4661-A92E-18D251D10DAB}
		{168A7EA4-DAB0-442D-B47A-B82BA2A43460} = {AD0B55DD-3D17-4661-A92E-18D251D10DAB}
		{EB976483-800C-40A9-BF93-71820763521E} = {AD0B55DD-3D17-4661-A92E-18D251D10DAB}
		{892FDA03-C50B-4297-A941-58C18F730D2D} = {7CE5812C-7D3D-478B-8FF2-B4F84440743F}
		{AAECFEEF-FEA0-4E88-9DCF-5933FE0352FE} = {7CE5812C-7D3D-478B-8FF2-B4F84440743F}
	EndGlobalSection
EndGlobal
